
Microsoft Visual Studio Solution File, Format Version 12.00
# Visual Studio 14
VisualStudioVersion = 14.0.25123.0
MinimumVisualStudioVersion = 10.0.40219.1
Project("{FAE04EC0-301F-11D3-BF4B-00C04F79EFBC}") = "HalliganTL.Droid", "HalliganTL\HalliganTL.Droid\HalliganTL.Droid.csproj", "{CC6D0495-E5A3-46E6-B769-9841F96EB37B}"
EndProject
Project("{FAE04EC0-301F-11D3-BF4B-00C04F79EFBC}") = "HalliganTL.iOS", "HalliganTL\HalliganTL.iOS\HalliganTL.iOS.csproj", "{A3C2CC06-B0E4-4828-B7DF-16DA23D20490}"
EndProject
Project("{FAE04EC0-301F-11D3-BF4B-00C04F79EFBC}") = "HalliganTL", "HalliganTL\HalliganTL\HalliganTL.csproj", "{6D531195-4305-4A57-A977-4582F19BC061}"
EndProject
Global
	GlobalSection(SolutionConfigurationPlatforms) = preSolution
		Ad-Hoc|Any CPU = Ad-Hoc|Any CPU
		Ad-Hoc|ARM = Ad-Hoc|ARM
		Ad-Hoc|iPhone = Ad-Hoc|iPhone
		Ad-Hoc|iPhoneSimulator = Ad-Hoc|iPhoneSimulator
		Ad-Hoc|x64 = Ad-Hoc|x64
		Ad-Hoc|x86 = Ad-Hoc|x86
		AppStore|Any CPU = AppStore|Any CPU
		AppStore|ARM = AppStore|ARM
		AppStore|iPhone = AppStore|iPhone
		AppStore|iPhoneSimulator = AppStore|iPhoneSimulator
		AppStore|x64 = AppStore|x64
		AppStore|x86 = AppStore|x86
		Debug|Any CPU = Debug|Any CPU
		Debug|ARM = Debug|ARM
		Debug|iPhone = Debug|iPhone
		Debug|iPhoneSimulator = Debug|iPhoneSimulator
		Debug|x64 = Debug|x64
		Debug|x86 = Debug|x86
		Release|Any CPU = Release|Any CPU
		Release|ARM = Release|ARM
		Release|iPhone = Release|iPhone
		Release|iPhoneSimulator = Release|iPhoneSimulator
		Release|x64 = Release|x64
		Release|x86 = Release|x86
	EndGlobalSection
	GlobalSection(ProjectConfigurationPlatforms) = postSolution
		{CC6D0495-E5A3-46E6-B769-9841F96EB37B}.Ad-Hoc|Any CPU.ActiveCfg = Release|Any CPU
		{CC6D0495-E5A3-46E6-B769-9841F96EB37B}.Ad-Hoc|Any CPU.Build.0 = Release|Any CPU
		{CC6D0495-E5A3-46E6-B769-9841F96EB37B}.Ad-Hoc|Any CPU.Deploy.0 = Release|Any CPU
		{CC6D0495-E5A3-46E6-B769-9841F96EB37B}.Ad-Hoc|ARM.ActiveCfg = Release|Any CPU
		{CC6D0495-E5A3-46E6-B769-9841F96EB37B}.Ad-Hoc|ARM.Build.0 = Release|Any CPU
		{CC6D0495-E5A3-46E6-B769-9841F96EB37B}.Ad-Hoc|ARM.Deploy.0 = Release|Any CPU
		{CC6D0495-E5A3-46E6-B769-9841F96EB37B}.Ad-Hoc|iPhone.ActiveCfg = Release|Any CPU
		{CC6D0495-E5A3-46E6-B769-9841F96EB37B}.Ad-Hoc|iPhone.Build.0 = Release|Any CPU
		{CC6D0495-E5A3-46E6-B769-9841F96EB37B}.Ad-Hoc|iPhone.Deploy.0 = Release|Any CPU
		{CC6D0495-E5A3-46E6-B769-9841F96EB37B}.Ad-Hoc|iPhoneSimulator.ActiveCfg = Release|Any CPU
		{CC6D0495-E5A3-46E6-B769-9841F96EB37B}.Ad-Hoc|iPhoneSimulator.Build.0 = Release|Any CPU
		{CC6D0495-E5A3-46E6-B769-9841F96EB37B}.Ad-Hoc|iPhoneSimulator.Deploy.0 = Release|Any CPU
		{CC6D0495-E5A3-46E6-B769-9841F96EB37B}.Ad-Hoc|x64.ActiveCfg = Release|Any CPU
		{CC6D0495-E5A3-46E6-B769-9841F96EB37B}.Ad-Hoc|x64.Build.0 = Release|Any CPU
		{CC6D0495-E5A3-46E6-B769-9841F96EB37B}.Ad-Hoc|x64.Deploy.0 = Release|Any CPU
		{CC6D0495-E5A3-46E6-B769-9841F96EB37B}.Ad-Hoc|x86.ActiveCfg = Release|Any CPU
		{CC6D0495-E5A3-46E6-B769-9841F96EB37B}.Ad-Hoc|x86.Build.0 = Release|Any CPU
		{CC6D0495-E5A3-46E6-B769-9841F96EB37B}.Ad-Hoc|x86.Deploy.0 = Release|Any CPU
		{CC6D0495-E5A3-46E6-B769-9841F96EB37B}.AppStore|Any CPU.ActiveCfg = Release|Any CPU
		{CC6D0495-E5A3-46E6-B769-9841F96EB37B}.AppStore|Any CPU.Build.0 = Release|Any CPU
		{CC6D0495-E5A3-46E6-B769-9841F96EB37B}.AppStore|Any CPU.Deploy.0 = Release|Any CPU
		{CC6D0495-E5A3-46E6-B769-9841F96EB37B}.AppStore|ARM.ActiveCfg = Release|Any CPU
		{CC6D0495-E5A3-46E6-B769-9841F96EB37B}.AppStore|ARM.Build.0 = Release|Any CPU
		{CC6D0495-E5A3-46E6-B769-9841F96EB37B}.AppStore|ARM.Deploy.0 = Release|Any CPU
		{CC6D0495-E5A3-46E6-B769-9841F96EB37B}.AppStore|iPhone.ActiveCfg = Release|Any CPU
		{CC6D0495-E5A3-46E6-B769-9841F96EB37B}.AppStore|iPhone.Build.0 = Release|Any CPU
		{CC6D0495-E5A3-46E6-B769-9841F96EB37B}.AppStore|iPhone.Deploy.0 = Release|Any CPU
		{CC6D0495-E5A3-46E6-B769-9841F96EB37B}.AppStore|iPhoneSimulator.ActiveCfg = Release|Any CPU
		{CC6D0495-E5A3-46E6-B769-9841F96EB37B}.AppStore|iPhoneSimulator.Build.0 = Release|Any CPU
		{CC6D0495-E5A3-46E6-B769-9841F96EB37B}.AppStore|iPhoneSimulator.Deploy.0 = Release|Any CPU
		{CC6D0495-E5A3-46E6-B769-9841F96EB37B}.AppStore|x64.ActiveCfg = Release|Any CPU
		{CC6D0495-E5A3-46E6-B769-9841F96EB37B}.AppStore|x64.Build.0 = Release|Any CPU
		{CC6D0495-E5A3-46E6-B769-9841F96EB37B}.AppStore|x64.Deploy.0 = Release|Any CPU
		{CC6D0495-E5A3-46E6-B769-9841F96EB37B}.AppStore|x86.ActiveCfg = Release|Any CPU
		{CC6D0495-E5A3-46E6-B769-9841F96EB37B}.AppStore|x86.Build.0 = Release|Any CPU
		{CC6D0495-E5A3-46E6-B769-9841F96EB37B}.AppStore|x86.Deploy.0 = Release|Any CPU
		{CC6D0495-E5A3-46E6-B769-9841F96EB37B}.Debug|Any CPU.ActiveCfg = Debug|Any CPU
		{CC6D0495-E5A3-46E6-B769-9841F96EB37B}.Debug|Any CPU.Build.0 = Debug|Any CPU
		{CC6D0495-E5A3-46E6-B769-9841F96EB37B}.Debug|Any CPU.Deploy.0 = Debug|Any CPU
		{CC6D0495-E5A3-46E6-B769-9841F96EB37B}.Debug|ARM.ActiveCfg = Debug|Any CPU
		{CC6D0495-E5A3-46E6-B769-9841F96EB37B}.Debug|ARM.Build.0 = Debug|Any CPU
		{CC6D0495-E5A3-46E6-B769-9841F96EB37B}.Debug|ARM.Deploy.0 = Debug|Any CPU
		{CC6D0495-E5A3-46E6-B769-9841F96EB37B}.Debug|iPhone.ActiveCfg = Debug|Any CPU
		{CC6D0495-E5A3-46E6-B769-9841F96EB37B}.Debug|iPhone.Build.0 = Debug|Any CPU
		{CC6D0495-E5A3-46E6-B769-9841F96EB37B}.Debug|iPhone.Deploy.0 = Debug|Any CPU
		{CC6D0495-E5A3-46E6-B769-9841F96EB37B}.Debug|iPhoneSimulator.ActiveCfg = Debug|Any CPU
		{CC6D0495-E5A3-46E6-B769-9841F96EB37B}.Debug|iPhoneSimulator.Build.0 = Debug|Any CPU
		{CC6D0495-E5A3-46E6-B769-9841F96EB37B}.Debug|iPhoneSimulator.Deploy.0 = Debug|Any CPU
		{CC6D0495-E5A3-46E6-B769-9841F96EB37B}.Debug|x64.ActiveCfg = Debug|Any CPU
		{CC6D0495-E5A3-46E6-B769-9841F96EB37B}.Debug|x64.Build.0 = Debug|Any CPU
		{CC6D0495-E5A3-46E6-B769-9841F96EB37B}.Debug|x64.Deploy.0 = Debug|Any CPU
		{CC6D0495-E5A3-46E6-B769-9841F96EB37B}.Debug|x86.ActiveCfg = Debug|Any CPU
		{CC6D0495-E5A3-46E6-B769-9841F96EB37B}.Debug|x86.Build.0 = Debug|Any CPU
		{CC6D0495-E5A3-46E6-B769-9841F96EB37B}.Debug|x86.Deploy.0 = Debug|Any CPU
		{CC6D0495-E5A3-46E6-B769-9841F96EB37B}.Release|Any CPU.ActiveCfg = Release|Any CPU
		{CC6D0495-E5A3-46E6-B769-9841F96EB37B}.Release|Any CPU.Build.0 = Release|Any CPU
		{CC6D0495-E5A3-46E6-B769-9841F96EB37B}.Release|Any CPU.Deploy.0 = Release|Any CPU
		{CC6D0495-E5A3-46E6-B769-9841F96EB37B}.Release|ARM.ActiveCfg = Release|Any CPU
		{CC6D0495-E5A3-46E6-B769-9841F96EB37B}.Release|ARM.Build.0 = Release|Any CPU
		{CC6D0495-E5A3-46E6-B769-9841F96EB37B}.Release|ARM.Deploy.0 = Release|Any CPU
		{CC6D0495-E5A3-46E6-B769-9841F96EB37B}.Release|iPhone.ActiveCfg = Release|Any CPU
		{CC6D0495-E5A3-46E6-B769-9841F96EB37B}.Release|iPhone.Build.0 = Release|Any CPU
		{CC6D0495-E5A3-46E6-B769-9841F96EB37B}.Release|iPhone.Deploy.0 = Release|Any CPU
		{CC6D0495-E5A3-46E6-B769-9841F96EB37B}.Release|iPhoneSimulator.ActiveCfg = Release|Any CPU
		{CC6D0495-E5A3-46E6-B769-9841F96EB37B}.Release|iPhoneSimulator.Build.0 = Release|Any CPU
		{CC6D0495-E5A3-46E6-B769-9841F96EB37B}.Release|iPhoneSimulator.Deploy.0 = Release|Any CPU
		{CC6D0495-E5A3-46E6-B769-9841F96EB37B}.Release|x64.ActiveCfg = Release|Any CPU
		{CC6D0495-E5A3-46E6-B769-9841F96EB37B}.Release|x64.Build.0 = Release|Any CPU
		{CC6D0495-E5A3-46E6-B769-9841F96EB37B}.Release|x64.Deploy.0 = Release|Any CPU
		{CC6D0495-E5A3-46E6-B769-9841F96EB37B}.Release|x86.ActiveCfg = Release|Any CPU
		{CC6D0495-E5A3-46E6-B769-9841F96EB37B}.Release|x86.Build.0 = Release|Any CPU
		{CC6D0495-E5A3-46E6-B769-9841F96EB37B}.Release|x86.Deploy.0 = Release|Any CPU
		{A3C2CC06-B0E4-4828-B7DF-16DA23D20490}.Ad-Hoc|Any CPU.ActiveCfg = Ad-Hoc|iPhone
		{A3C2CC06-B0E4-4828-B7DF-16DA23D20490}.Ad-Hoc|ARM.ActiveCfg = Ad-Hoc|iPhone
		{A3C2CC06-B0E4-4828-B7DF-16DA23D20490}.Ad-Hoc|iPhone.ActiveCfg = Ad-Hoc|iPhone
		{A3C2CC06-B0E4-4828-B7DF-16DA23D20490}.Ad-Hoc|iPhone.Build.0 = Ad-Hoc|iPhone
		{A3C2CC06-B0E4-4828-B7DF-16DA23D20490}.Ad-Hoc|iPhoneSimulator.ActiveCfg = Ad-Hoc|iPhoneSimulator
		{A3C2CC06-B0E4-4828-B7DF-16DA23D20490}.Ad-Hoc|iPhoneSimulator.Build.0 = Ad-Hoc|iPhoneSimulator
		{A3C2CC06-B0E4-4828-B7DF-16DA23D20490}.Ad-Hoc|x64.ActiveCfg = Ad-Hoc|iPhone
		{A3C2CC06-B0E4-4828-B7DF-16DA23D20490}.Ad-Hoc|x86.ActiveCfg = Ad-Hoc|iPhone
		{A3C2CC06-B0E4-4828-B7DF-16DA23D20490}.AppStore|Any CPU.ActiveCfg = AppStore|iPhone
		{A3C2CC06-B0E4-4828-B7DF-16DA23D20490}.AppStore|ARM.ActiveCfg = AppStore|iPhone
		{A3C2CC06-B0E4-4828-B7DF-16DA23D20490}.AppStore|iPhone.ActiveCfg = AppStore|iPhone
		{A3C2CC06-B0E4-4828-B7DF-16DA23D20490}.AppStore|iPhone.Build.0 = AppStore|iPhone
		{A3C2CC06-B0E4-4828-B7DF-16DA23D20490}.AppStore|iPhoneSimulator.ActiveCfg = AppStore|iPhoneSimulator
		{A3C2CC06-B0E4-4828-B7DF-16DA23D20490}.AppStore|iPhoneSimulator.Build.0 = AppStore|iPhoneSimulator
		{A3C2CC06-B0E4-4828-B7DF-16DA23D20490}.AppStore|x64.ActiveCfg = AppStore|iPhone
		{A3C2CC06-B0E4-4828-B7DF-16DA23D20490}.AppStore|x86.ActiveCfg = AppStore|iPhone
		{A3C2CC06-B0E4-4828-B7DF-16DA23D20490}.Debug|Any CPU.ActiveCfg = Debug|iPhone
		{A3C2CC06-B0E4-4828-B7DF-16DA23D20490}.Debug|ARM.ActiveCfg = Debug|iPhone
		{A3C2CC06-B0E4-4828-B7DF-16DA23D20490}.Debug|iPhone.ActiveCfg = Debug|iPhone
		{A3C2CC06-B0E4-4828-B7DF-16DA23D20490}.Debug|iPhone.Build.0 = Debug|iPhone
		{A3C2CC06-B0E4-4828-B7DF-16DA23D20490}.Debug|iPhoneSimulator.ActiveCfg = Debug|iPhoneSimulator
		{A3C2CC06-B0E4-4828-B7DF-16DA23D20490}.Debug|iPhoneSimulator.Build.0 = Debug|iPhoneSimulator
		{A3C2CC06-B0E4-4828-B7DF-16DA23D20490}.Debug|x64.ActiveCfg = Debug|iPhone
		{A3C2CC06-B0E4-4828-B7DF-16DA23D20490}.Debug|x86.ActiveCfg = Debug|iPhone
		{A3C2CC06-B0E4-4828-B7DF-16DA23D20490}.Release|Any CPU.ActiveCfg = Release|iPhone
		{A3C2CC06-B0E4-4828-B7DF-16DA23D20490}.Release|ARM.ActiveCfg = Release|iPhone
		{A3C2CC06-B0E4-4828-B7DF-16DA23D20490}.Release|iPhone.ActiveCfg = Release|iPhone
		{A3C2CC06-B0E4-4828-B7DF-16DA23D20490}.Release|iPhone.Build.0 = Release|iPhone
		{A3C2CC06-B0E4-4828-B7DF-16DA23D20490}.Release|iPhoneSimulator.ActiveCfg = Release|iPhoneSimulator
		{A3C2CC06-B0E4-4828-B7DF-16DA23D20490}.Release|iPhoneSimulator.Build.0 = Release|iPhoneSimulator
		{A3C2CC06-B0E4-4828-B7DF-16DA23D20490}.Release|x64.ActiveCfg = Release|iPhone
		{A3C2CC06-B0E4-4828-B7DF-16DA23D20490}.Release|x86.ActiveCfg = Release|iPhone
		{6D531195-4305-4A57-A977-4582F19BC061}.Ad-Hoc|Any CPU.ActiveCfg = Release|Any CPU
		{6D531195-4305-4A57-A977-4582F19BC061}.Ad-Hoc|Any CPU.Build.0 = Release|Any CPU
		{6D531195-4305-4A57-A977-4582F19BC061}.Ad-Hoc|ARM.ActiveCfg = Release|Any CPU
		{6D531195-4305-4A57-A977-4582F19BC061}.Ad-Hoc|ARM.Build.0 = Release|Any CPU
		{6D531195-4305-4A57-A977-4582F19BC061}.Ad-Hoc|iPhone.ActiveCfg = Release|Any CPU
		{6D531195-4305-4A57-A977-4582F19BC061}.Ad-Hoc|iPhone.Build.0 = Release|Any CPU
		{6D531195-4305-4A57-A977-4582F19BC061}.Ad-Hoc|iPhoneSimulator.ActiveCfg = Release|Any CPU
		{6D531195-4305-4A57-A977-4582F19BC061}.Ad-Hoc|iPhoneSimulator.Build.0 = Release|Any CPU
		{6D531195-4305-4A57-A977-4582F19BC061}.Ad-Hoc|x64.ActiveCfg = Release|Any CPU
		{6D531195-4305-4A57-A977-4582F19BC061}.Ad-Hoc|x64.Build.0 = Release|Any CPU
		{6D531195-4305-4A57-A977-4582F19BC061}.Ad-Hoc|x86.ActiveCfg = Release|Any CPU
		{6D531195-4305-4A57-A977-4582F19BC061}.Ad-Hoc|x86.Build.0 = Release|Any CPU
		{6D531195-4305-4A57-A977-4582F19BC061}.AppStore|Any CPU.ActiveCfg = Release|Any CPU
		{6D531195-4305-4A57-A977-4582F19BC061}.AppStore|Any CPU.Build.0 = Release|Any CPU
		{6D531195-4305-4A57-A977-4582F19BC061}.AppStore|ARM.ActiveCfg = Release|Any CPU
		{6D531195-4305-4A57-A977-4582F19BC061}.AppStore|ARM.Build.0 = Release|Any CPU
		{6D531195-4305-4A57-A977-4582F19BC061}.AppStore|iPhone.ActiveCfg = Release|Any CPU
		{6D531195-4305-4A57-A977-4582F19BC061}.AppStore|iPhone.Build.0 = Release|Any CPU
		{6D531195-4305-4A57-A977-4582F19BC061}.AppStore|iPhoneSimulator.ActiveCfg = Release|Any CPU
		{6D531195-4305-4A57-A977-4582F19BC061}.AppStore|iPhoneSimulator.Build.0 = Release|Any CPU
		{6D531195-4305-4A57-A977-4582F19BC061}.AppStore|x64.ActiveCfg = Release|Any CPU
		{6D531195-4305-4A57-A977-4582F19BC061}.AppStore|x64.Build.0 = Release|Any CPU
		{6D531195-4305-4A57-A977-4582F19BC061}.AppStore|x86.ActiveCfg = Release|Any CPU
		{6D531195-4305-4A57-A977-4582F19BC061}.AppStore|x86.Build.0 = Release|Any CPU
		{6D531195-4305-4A57-A977-4582F19BC061}.Debug|Any CPU.ActiveCfg = Debug|Any CPU
		{6D531195-4305-4A57-A977-4582F19BC061}.Debug|Any CPU.Build.0 = Debug|Any CPU
		{6D531195-4305-4A57-A977-4582F19BC061}.Debug|ARM.ActiveCfg = Debug|Any CPU
		{6D531195-4305-4A57-A977-4582F19BC061}.Debug|ARM.Build.0 = Debug|Any CPU
		{6D531195-4305-4A57-A977-4582F19BC061}.Debug|iPhone.ActiveCfg = Debug|Any CPU
		{6D531195-4305-4A57-A977-4582F19BC061}.Debug|iPhone.Build.0 = Debug|Any CPU
		{6D531195-4305-4A57-A977-4582F19BC061}.Debug|iPhoneSimulator.ActiveCfg = Debug|Any CPU
		{6D531195-4305-4A57-A977-4582F19BC061}.Debug|iPhoneSimulator.Build.0 = Debug|Any CPU
		{6D531195-4305-4A57-A977-4582F19BC061}.Debug|x64.ActiveCfg = Debug|Any CPU
		{6D531195-4305-4A57-A977-4582F19BC061}.Debug|x64.Build.0 = Debug|Any CPU
		{6D531195-4305-4A57-A977-4582F19BC061}.Debug|x86.ActiveCfg = Debug|Any CPU
		{6D531195-4305-4A57-A977-4582F19BC061}.Debug|x86.Build.0 = Debug|Any CPU
		{6D531195-4305-4A57-A977-4582F19BC061}.Release|Any CPU.ActiveCfg = Release|Any CPU
		{6D531195-4305-4A57-A977-4582F19BC061}.Release|Any CPU.Build.0 = Release|Any CPU
		{6D531195-4305-4A57-A977-4582F19BC061}.Release|ARM.ActiveCfg = Release|Any CPU
		{6D531195-4305-4A57-A977-4582F19BC061}.Release|ARM.Build.0 = Release|Any CPU
		{6D531195-4305-4A57-A977-4582F19BC061}.Release|iPhone.ActiveCfg = Release|Any CPU
		{6D531195-4305-4A57-A977-4582F19BC061}.Release|iPhone.Build.0 = Release|Any CPU
		{6D531195-4305-4A57-A977-4582F19BC061}.Release|iPhoneSimulator.ActiveCfg = Release|Any CPU
		{6D531195-4305-4A57-A977-4582F19BC061}.Release|iPhoneSimulator.Build.0 = Release|Any CPU
		{6D531195-4305-4A57-A977-4582F19BC061}.Release|x64.ActiveCfg = Release|Any CPU
		{6D531195-4305-4A57-A977-4582F19BC061}.Release|x64.Build.0 = Release|Any CPU
		{6D531195-4305-4A57-A977-4582F19BC061}.Release|x86.ActiveCfg = Release|Any CPU
		{6D531195-4305-4A57-A977-4582F19BC061}.Release|x86.Build.0 = Release|Any CPU
	EndGlobalSection
	GlobalSection(SolutionProperties) = preSolution
		HideSolutionNode = FALSE
	EndGlobalSection
EndGlobal
